
Microsoft Visual Studio Solution File, Format Version 12.00
# Visual Studio Version 17
VisualStudioVersion = 17.1.32228.430
MinimumVisualStudioVersion = 10.0.40219.1
Project("{FAE04EC0-301F-11D3-BF4B-00C04F79EFBC}") = "CapaAdmin", "CapaAdmin\CapaAdmin.csproj", "{D2CE5D52-2D2B-4127-8785-F0B9F55D8FD0}"
EndProject
Global
	GlobalSection(SolutionConfigurationPlatforms) = preSolution
		Debug|Any CPU = Debug|Any CPU
		Release|Any CPU = Release|Any CPU
	EndGlobalSection
	GlobalSection(ProjectConfigurationPlatforms) = postSolution
		{D2CE5D52-2D2B-4127-8785-F0B9F55D8FD0}.Debug|Any CPU.ActiveCfg = Debug|Any CPU
		{D2CE5D52-2D2B-4127-8785-F0B9F55D8FD0}.Debug|Any CPU.Build.0 = Debug|Any CPU
		{D2CE5D52-2D2B-4127-8785-F0B9F55D8FD0}.Release|Any CPU.ActiveCfg = Release|Any CPU
		{D2CE5D52-2D2B-4127-8785-F0B9F55D8FD0}.Release|Any CPU.Build.0 = Release|Any CPU
	EndGlobalSection
	GlobalSection(SolutionProperties) = preSolution
		HideSolutionNode = FALSE
	EndGlobalSection
	GlobalSection(ExtensibilityGlobals) = postSolution
		SolutionGuid = {EC509A3D-077B-4B8B-AAD2-A23DCDC4E702}
	EndGlobalSection
EndGlobal
